
Microsoft Visual Studio Solution File, Format Version 12.00
# Visual Studio Version 16
VisualStudioVersion = 16.0.29215.179
MinimumVisualStudioVersion = 10.0.40219.1
Project("{9A19103F-16F7-4668-BE54-9A1E7A4F7556}") = "MVCWebAppKenney", "MVCWebAppKenney\MVCWebAppKenney.csproj", "{487ECCEE-8A2A-41F2-B7EE-CC4813C86177}"
EndProject
Project("{FAE04EC0-301F-11D3-BF4B-00C04F79EFBC}") = "UnitTestProjectKenney", "UnitTestProjectKenney\UnitTestProjectKenney.csproj", "{00CFEC93-24FC-46B7-9476-2778DBE453DE}"
EndProject
Global
	GlobalSection(SolutionConfigurationPlatforms) = preSolution
		Debug|Any CPU = Debug|Any CPU
		Release|Any CPU = Release|Any CPU
	EndGlobalSection
	GlobalSection(ProjectConfigurationPlatforms) = postSolution
		{487ECCEE-8A2A-41F2-B7EE-CC4813C86177}.Debug|Any CPU.ActiveCfg = Debug|Any CPU
		{487ECCEE-8A2A-41F2-B7EE-CC4813C86177}.Debug|Any CPU.Build.0 = Debug|Any CPU
		{487ECCEE-8A2A-41F2-B7EE-CC4813C86177}.Release|Any CPU.ActiveCfg = Release|Any CPU
		{487ECCEE-8A2A-41F2-B7EE-CC4813C86177}.Release|Any CPU.Build.0 = Release|Any CPU
		{00CFEC93-24FC-46B7-9476-2778DBE453DE}.Debug|Any CPU.ActiveCfg = Debug|Any CPU
		{00CFEC93-24FC-46B7-9476-2778DBE453DE}.Debug|Any CPU.Build.0 = Debug|Any CPU
		{00CFEC93-24FC-46B7-9476-2778DBE453DE}.Release|Any CPU.ActiveCfg = Release|Any CPU
		{00CFEC93-24FC-46B7-9476-2778DBE453DE}.Release|Any CPU.Build.0 = Release|Any CPU
	EndGlobalSection
	GlobalSection(SolutionProperties) = preSolution
		HideSolutionNode = FALSE
	EndGlobalSection
	GlobalSection(ExtensibilityGlobals) = postSolution
		SolutionGuid = {397FF53D-720D-4E0C-A1A9-156B33BA6C93}
	EndGlobalSection
EndGlobal
